{
  "requires": true,
  "lockfileVersion": 1,
  "dependencies": {
    "@egjs/hammerjs": {
      "version": "2.0.17",
      "resolved": "https://registry.npmjs.org/@egjs/hammerjs/-/hammerjs-2.0.17.tgz",
      "integrity": "sha512-XQsZgjm2EcVUiZQf11UBJQfmZeEmOW8DpI1gsFeln6w0ae0ii4dMQEQ0kjl6DspdWX1aGY1/loyXnP0JS06e/A==",
      "requires": {
        "@types/hammerjs": "^2.0.36"
      }
    },
    "@types/hammerjs": {
      "version": "2.0.36",
      "resolved": "https://registry.npmjs.org/@types/hammerjs/-/hammerjs-2.0.36.tgz",
      "integrity": "sha512-7TUK/k2/QGpEAv/BCwSHlYu3NXZhQ9ZwBYpzr9tjlPIL2C5BeGhH3DmVavRx3ZNyELX5TLC91JTz/cen6AAtIQ=="
    },
    "component-emitter": {
      "version": "1.3.0",
      "resolved": "https://registry.npmjs.org/component-emitter/-/component-emitter-1.3.0.tgz",
      "integrity": "sha512-Rd3se6QB+sO1TwqZjscQrurpEPIfO0/yYnSin6Q/rD3mOutHvUrCAhJub3r90uNb+SESBuE0QYoB90YdfatsRg=="
    },
    "js-tokens": {
      "version": "4.0.0",
      "resolved": "https://registry.npmjs.org/js-tokens/-/js-tokens-4.0.0.tgz",
      "integrity": "sha512-RdJUflcE3cUzKiMqQgsCu06FPu9UdIJO0beYbPhHN4k6apgJtifcoCtT9bcxOpYBtpD2kCM6Sbzg4CausW/PKQ=="
    },
    "keycharm": {
      "version": "0.2.0",
      "resolved": "https://registry.npmjs.org/keycharm/-/keycharm-0.2.0.tgz",
      "integrity": "sha1-+m6i5DuQpoAohD0n8gddNajD5vk="
    },
    "lodash": {
      "version": "4.17.20",
      "resolved": "https://registry.npmjs.org/lodash/-/lodash-4.17.20.tgz",
      "integrity": "sha512-PlhdFcillOINfeV7Ni6oF1TAEayyZBoZ8bcshTHqOYJYlrqzRK5hagpagky5o4HfCzzd1TRkXPMFq6cKk9rGmA=="
    },
    "loose-envify": {
      "version": "1.4.0",
      "resolved": "https://registry.npmjs.org/loose-envify/-/loose-envify-1.4.0.tgz",
      "integrity": "sha512-lyuxPGr/Wfhrlem2CL/UcnUc1zcqKAImBDzukY7Y5F/yQiNdko6+fRLevlw1HgMySw7f611UIY408EtxRSoK3Q==",
      "requires": {
        "js-tokens": "^3.0.0 || ^4.0.0"
      }
    },
    "moment": {
      "version": "2.27.0",
      "resolved": "https://registry.npmjs.org/moment/-/moment-2.27.0.tgz",
      "integrity": "sha512-al0MUK7cpIcglMv3YF13qSgdAIqxHTO7brRtaz3DlSULbqfazqkc5kEjNrLDOM7fsjshoFIihnU8snrP7zUvhQ=="
    },
    "object-assign": {
      "version": "4.1.1",
      "resolved": "https://registry.npmjs.org/object-assign/-/object-assign-4.1.1.tgz",
      "integrity": "sha1-IQmtx5ZYh8/AXLvUQsrIv7s2CGM="
    },
    "prop-types": {
      "version": "15.7.2",
      "resolved": "https://registry.npmjs.org/prop-types/-/prop-types-15.7.2.tgz",
      "integrity": "sha512-8QQikdH7//R2vurIJSutZ1smHYTcLpRWEOlHnzcWHmBYrOGUysKwSsrC89BCiFj3CbrfJ/nXFdJepOVrY1GCHQ==",
      "requires": {
        "loose-envify": "^1.4.0",
        "object-assign": "^4.1.1",
        "react-is": "^16.8.1"
      }
    },
    "react-graph-vis": {
      "version": "1.0.5",
      "resolved": "https://registry.npmjs.org/react-graph-vis/-/react-graph-vis-1.0.5.tgz",
      "integrity": "sha512-y7+eHcwj7GryRoY+ZawwsDmS8OMeJ8Gpzmzejqwz+T2qg6IYTk1bod42H5g3J2zzHcPaqAZpwxZG3d3YB4nBwQ==",
      "requires": {
        "lodash": "^4.17.15",
        "prop-types": "^15.5.10",
        "uuid": "^2.0.1",
        "vis-network": "^5.1.1"
      }
    },
    "react-is": {
      "version": "16.13.1",
      "resolved": "https://registry.npmjs.org/react-is/-/react-is-16.13.1.tgz",
      "integrity": "sha512-24e6ynE2H+OKt4kqsOvNd8kBpV65zoxbA4BVsEOB3ARVWQki/DHzaUoC5KuON/BiccDaCCTZBuOcfZs70kR8bQ=="
    },
    "timsort": {
      "version": "0.3.0",
      "resolved": "https://registry.npmjs.org/timsort/-/timsort-0.3.0.tgz",
      "integrity": "sha1-QFQRqOfmM5/mTbmiNN4R3DHgK9Q="
    },
    "uuid": {
      "version": "2.0.3",
      "resolved": "https://registry.npmjs.org/uuid/-/uuid-2.0.3.tgz",
      "integrity": "sha1-Z+LoY3lyFVMN/zGOW/nc6/1Hsho="
    },
    "vis-data": {
      "version": "6.6.1",
      "resolved": "https://registry.npmjs.org/vis-data/-/vis-data-6.6.1.tgz",
      "integrity": "sha512-xmujDB2Dzf8T04rGFJ9OP4OA6zRVrz8R9hb0CVKryBrZRCljCga9JjSfgctA8S7wdZu7otDtUIwX4ZOgfV/57w=="
    },
    "vis-network": {
      "version": "5.4.1",
      "resolved": "https://registry.npmjs.org/vis-network/-/vis-network-5.4.1.tgz",
      "integrity": "sha512-hUJlFWoCmLup6IxoXCr//OO2ZCkC8jrXEkkHLG1DhBgB54Y3K33+e5q4tc436inMlGzfqqaKTIToNbOGr8Szww==",
      "requires": {
        "@egjs/hammerjs": "^2.0.15",
        "component-emitter": "^1.3.0",
        "keycharm": "^0.2.0",
        "moment": "^2.24.0",
        "timsort": "^0.3.0",
        "vis-data": "^6.1.1",
        "vis-util": "^1.1.6"
      }
    },
    "vis-util": {
      "version": "1.1.10",
      "resolved": "https://registry.npmjs.org/vis-util/-/vis-util-1.1.10.tgz",
      "integrity": "sha512-8hGSxsFi2ogYYweClQyITzWnirWgQ8p0i9M4d3OXMuUO8vjXrf+2zHOYI9OZbtUduxAWuMEePnS9BXDtPJmJ7Q==",
      "requires": {
        "moment": "2.24.0",
        "vis-uuid": "1.1.3"
      },
      "dependencies": {
        "moment": {
          "version": "2.24.0",
          "resolved": "https://registry.npmjs.org/moment/-/moment-2.24.0.tgz",
          "integrity": "sha512-bV7f+6l2QigeBBZSM/6yTNq4P2fNpSWj/0e7jQcy87A8e7o2nAfP/34/2ky5Vw4B9S446EtIhodAzkFCcR4dQg=="
        }
      }
    },
    "vis-uuid": {
      "version": "1.1.3",
      "resolved": "https://registry.npmjs.org/vis-uuid/-/vis-uuid-1.1.3.tgz",
      "integrity": "sha512-2B6XdY1bkzbUh+TugmnAaFa61KO9R5pzBzIuFIm8a9FrkbxIdSmQXV+FbfkL8QunkQV/bT0JDLQ2puqCS2+0Og=="
    }
  }
}
